
Microsoft Visual Studio Solution File, Format Version 12.00
# Visual Studio Version 17
VisualStudioVersion = 17.7.34221.43
MinimumVisualStudioVersion = 10.0.40219.1
Project("{FAE04EC0-301F-11D3-BF4B-00C04F79EFBC}") = "SubtitleImporter", "SubtitleImporter\SubtitleImporter.csproj", "{142AEE4E-9311-4CBD-AE33-7E228D2E763B}"
EndProject
Global
	GlobalSection(SolutionConfigurationPlatforms) = preSolution
		Debug|Any CPU = Debug|Any CPU
		Release|Any CPU = Release|Any CPU
	EndGlobalSection
	GlobalSection(ProjectConfigurationPlatforms) = postSolution
		{142AEE4E-9311-4CBD-AE33-7E228D2E763B}.Debug|Any CPU.ActiveCfg = Debug|Any CPU
		{142AEE4E-9311-4CBD-AE33-7E228D2E763B}.Debug|Any CPU.Build.0 = Debug|Any CPU
		{142AEE4E-9311-4CBD-AE33-7E228D2E763B}.Release|Any CPU.ActiveCfg = Release|Any CPU
		{142AEE4E-9311-4CBD-AE33-7E228D2E763B}.Release|Any CPU.Build.0 = Release|Any CPU
	EndGlobalSection
	GlobalSection(SolutionProperties) = preSolution
		HideSolutionNode = FALSE
	EndGlobalSection
	GlobalSection(ExtensibilityGlobals) = postSolution
		SolutionGuid = {14F7AA38-6A56-46CB-9DB0-2C10845FD82E}
	EndGlobalSection
EndGlobal
